Microsoft Visual Studio Solution File, Format Version 12.00
# Visual Studio Version 17
VisualStudioVersion = 17.5.2.0
MinimumVisualStudioVersion = 10.0.40219.1
Project("{FAE04EC0-301F-11D3-BF4B-00C04F79EFBC}") = "AuTest", "AuTest.csproj", "{8C2F6237-CF96-CD36-3E8A-AC6CE5FDB701}"
EndProject
Global
	GlobalSection(SolutionConfigurationPlatforms) = preSolution
		Debug|Any CPU = Debug|Any CPU
		Release|Any CPU = Release|Any CPU
	EndGlobalSection
	GlobalSection(ProjectConfigurationPlatforms) = postSolution
		{8C2F6237-CF96-CD36-3E8A-AC6CE5FDB701}.Debug|Any CPU.ActiveCfg = Debug|Any CPU
		{8C2F6237-CF96-CD36-3E8A-AC6CE5FDB701}.Debug|Any CPU.Build.0 = Debug|Any CPU
		{8C2F6237-CF96-CD36-3E8A-AC6CE5FDB701}.Release|Any CPU.ActiveCfg = Release|Any CPU
		{8C2F6237-CF96-CD36-3E8A-AC6CE5FDB701}.Release|Any CPU.Build.0 = Release|Any CPU
	EndGlobalSection
	GlobalSection(SolutionProperties) = preSolution
		HideSolutionNode = FALSE
	EndGlobalSection
	GlobalSection(ExtensibilityGlobals) = postSolution
		SolutionGuid = {A75F5F14-5F74-4887-8AD9-D797C4C3787E}
	EndGlobalSection
EndGlobal
